
Microsoft Visual Studio Solution File, Format Version 12.00
# Visual Studio Version 16
VisualStudioVersion = 16.0.30011.22
MinimumVisualStudioVersion = 10.0.40219.1
Project("{FAE04EC0-301F-11D3-BF4B-00C04F79EFBC}") = "Daniel_week1", "Daniel_week1\Daniel_week1.csproj", "{9D2CE060-8386-44F8-A4B0-CEE5EEC1AD9E}"
EndProject
Global
	GlobalSection(SolutionConfigurationPlatforms) = preSolution
		Debug|Any CPU = Debug|Any CPU
		Release|Any CPU = Release|Any CPU
	EndGlobalSection
	GlobalSection(ProjectConfigurationPlatforms) = postSolution
		{9D2CE060-8386-44F8-A4B0-CEE5EEC1AD9E}.Debug|Any CPU.ActiveCfg = Debug|Any CPU
		{9D2CE060-8386-44F8-A4B0-CEE5EEC1AD9E}.Debug|Any CPU.Build.0 = Debug|Any CPU
		{9D2CE060-8386-44F8-A4B0-CEE5EEC1AD9E}.Release|Any CPU.ActiveCfg = Release|Any CPU
		{9D2CE060-8386-44F8-A4B0-CEE5EEC1AD9E}.Release|Any CPU.Build.0 = Release|Any CPU
	EndGlobalSection
	GlobalSection(SolutionProperties) = preSolution
		HideSolutionNode = FALSE
	EndGlobalSection
	GlobalSection(ExtensibilityGlobals) = postSolution
		SolutionGuid = {FEB7BD5D-099B-435C-B8B7-4CCE34E0B894}
	EndGlobalSection
EndGlobal
