
Microsoft Visual Studio Solution File, Format Version 12.00
# Visual Studio Version 16
VisualStudioVersion = 16.0.30011.22
MinimumVisualStudioVersion = 10.0.40219.1
Project("{FAE04EC0-301F-11D3-BF4B-00C04F79EFBC}") = "Daniel_week5", "Daniel_week5\Daniel_week5.csproj", "{C10A5193-2BF4-4972-9625-399762303468}"
EndProject
Global
	GlobalSection(SolutionConfigurationPlatforms) = preSolution
		Debug|Any CPU = Debug|Any CPU
		Release|Any CPU = Release|Any CPU
	EndGlobalSection
	GlobalSection(ProjectConfigurationPlatforms) = postSolution
		{C10A5193-2BF4-4972-9625-399762303468}.Debug|Any CPU.ActiveCfg = Debug|Any CPU
		{C10A5193-2BF4-4972-9625-399762303468}.Debug|Any CPU.Build.0 = Debug|Any CPU
		{C10A5193-2BF4-4972-9625-399762303468}.Release|Any CPU.ActiveCfg = Release|Any CPU
		{C10A5193-2BF4-4972-9625-399762303468}.Release|Any CPU.Build.0 = Release|Any CPU
	EndGlobalSection
	GlobalSection(SolutionProperties) = preSolution
		HideSolutionNode = FALSE
	EndGlobalSection
	GlobalSection(ExtensibilityGlobals) = postSolution
		SolutionGuid = {6CD94CFE-1D27-438B-BB80-64CF3ABAAA29}
	EndGlobalSection
EndGlobal
