
Microsoft Visual Studio Solution File, Format Version 12.00
# Visual Studio Version 16
VisualStudioVersion = 16.0.30011.22
MinimumVisualStudioVersion = 10.0.40219.1
Project("{FAE04EC0-301F-11D3-BF4B-00C04F79EFBC}") = "Daniel_Week17", "Daniel_Week17\Daniel_Week17.csproj", "{540FF7C8-E8C9-41E4-BA61-2C4CA68A0575}"
EndProject
Global
	GlobalSection(SolutionConfigurationPlatforms) = preSolution
		Debug|Any CPU = Debug|Any CPU
		Release|Any CPU = Release|Any CPU
	EndGlobalSection
	GlobalSection(ProjectConfigurationPlatforms) = postSolution
		{540FF7C8-E8C9-41E4-BA61-2C4CA68A0575}.Debug|Any CPU.ActiveCfg = Debug|Any CPU
		{540FF7C8-E8C9-41E4-BA61-2C4CA68A0575}.Debug|Any CPU.Build.0 = Debug|Any CPU
		{540FF7C8-E8C9-41E4-BA61-2C4CA68A0575}.Release|Any CPU.ActiveCfg = Release|Any CPU
		{540FF7C8-E8C9-41E4-BA61-2C4CA68A0575}.Release|Any CPU.Build.0 = Release|Any CPU
	EndGlobalSection
	GlobalSection(SolutionProperties) = preSolution
		HideSolutionNode = FALSE
	EndGlobalSection
	GlobalSection(ExtensibilityGlobals) = postSolution
		SolutionGuid = {94D7B017-8DAF-4E9B-95CD-80AB55D7A88E}
	EndGlobalSection
EndGlobal
