
Microsoft Visual Studio Solution File, Format Version 12.00
# Visual Studio Version 16
VisualStudioVersion = 16.0.30011.22
MinimumVisualStudioVersion = 10.0.40219.1
Project("{FAE04EC0-301F-11D3-BF4B-00C04F79EFBC}") = "Daniel_Week19", "Daniel_Week19\Daniel_Week19.csproj", "{DC6D2A61-65FA-4E43-BC26-2567DB944D95}"
EndProject
Global
	GlobalSection(SolutionConfigurationPlatforms) = preSolution
		Debug|Any CPU = Debug|Any CPU
		Release|Any CPU = Release|Any CPU
	EndGlobalSection
	GlobalSection(ProjectConfigurationPlatforms) = postSolution
		{DC6D2A61-65FA-4E43-BC26-2567DB944D95}.Debug|Any CPU.ActiveCfg = Debug|Any CPU
		{DC6D2A61-65FA-4E43-BC26-2567DB944D95}.Debug|Any CPU.Build.0 = Debug|Any CPU
		{DC6D2A61-65FA-4E43-BC26-2567DB944D95}.Release|Any CPU.ActiveCfg = Release|Any CPU
		{DC6D2A61-65FA-4E43-BC26-2567DB944D95}.Release|Any CPU.Build.0 = Release|Any CPU
	EndGlobalSection
	GlobalSection(SolutionProperties) = preSolution
		HideSolutionNode = FALSE
	EndGlobalSection
	GlobalSection(ExtensibilityGlobals) = postSolution
		SolutionGuid = {C61439E8-BC7B-4635-AF26-E74B7EF7450C}
	EndGlobalSection
EndGlobal
