
Microsoft Visual Studio Solution File, Format Version 12.00
# Visual Studio Version 16
VisualStudioVersion = 16.0.30011.22
MinimumVisualStudioVersion = 10.0.40219.1
Project("{FAE04EC0-301F-11D3-BF4B-00C04F79EFBC}") = "Daniel_week4", "Daniel_week4\Daniel_week4.csproj", "{9DBA1CD7-9009-477E-970C-C516E7F7EBB8}"
EndProject
Global
	GlobalSection(SolutionConfigurationPlatforms) = preSolution
		Debug|Any CPU = Debug|Any CPU
		Release|Any CPU = Release|Any CPU
	EndGlobalSection
	GlobalSection(ProjectConfigurationPlatforms) = postSolution
		{9DBA1CD7-9009-477E-970C-C516E7F7EBB8}.Debug|Any CPU.ActiveCfg = Debug|Any CPU
		{9DBA1CD7-9009-477E-970C-C516E7F7EBB8}.Debug|Any CPU.Build.0 = Debug|Any CPU
		{9DBA1CD7-9009-477E-970C-C516E7F7EBB8}.Release|Any CPU.ActiveCfg = Release|Any CPU
		{9DBA1CD7-9009-477E-970C-C516E7F7EBB8}.Release|Any CPU.Build.0 = Release|Any CPU
	EndGlobalSection
	GlobalSection(SolutionProperties) = preSolution
		HideSolutionNode = FALSE
	EndGlobalSection
	GlobalSection(ExtensibilityGlobals) = postSolution
		SolutionGuid = {CCA0E0D5-99EF-41EA-9212-01E7BA9BBFB9}
	EndGlobalSection
EndGlobal
