
Microsoft Visual Studio Solution File, Format Version 12.00
# Visual Studio Version 16
VisualStudioVersion = 16.0.30011.22
MinimumVisualStudioVersion = 10.0.40219.1
Project("{FAE04EC0-301F-11D3-BF4B-00C04F79EFBC}") = "Daniel_Week10", "Daniel_Week10\Daniel_Week10.csproj", "{C54F98AF-12AE-4580-8424-D0354CA235FE}"
EndProject
Global
	GlobalSection(SolutionConfigurationPlatforms) = preSolution
		Debug|Any CPU = Debug|Any CPU
		Release|Any CPU = Release|Any CPU
	EndGlobalSection
	GlobalSection(ProjectConfigurationPlatforms) = postSolution
		{C54F98AF-12AE-4580-8424-D0354CA235FE}.Debug|Any CPU.ActiveCfg = Debug|Any CPU
		{C54F98AF-12AE-4580-8424-D0354CA235FE}.Debug|Any CPU.Build.0 = Debug|Any CPU
		{C54F98AF-12AE-4580-8424-D0354CA235FE}.Release|Any CPU.ActiveCfg = Release|Any CPU
		{C54F98AF-12AE-4580-8424-D0354CA235FE}.Release|Any CPU.Build.0 = Release|Any CPU
	EndGlobalSection
	GlobalSection(SolutionProperties) = preSolution
		HideSolutionNode = FALSE
	EndGlobalSection
	GlobalSection(ExtensibilityGlobals) = postSolution
		SolutionGuid = {7124C98D-8BD5-4524-927D-F18EFB1E7C0A}
	EndGlobalSection
EndGlobal
